
Microsoft Visual Studio Solution File, Format Version 12.00
# Visual Studio Version 17
VisualStudioVersion = 17.9.34728.123
MinimumVisualStudioVersion = 10.0.40219.1
Project("{8BC9CEB8-8B4A-11D0-8D11-00A0C91BC942}") = "MT3_01_02　グリッドと球体を描こう", "MT3_01_02　グリッドと球体を描こう.vcxproj", "{217FF3C0-BC65-42A7-ADF3-F8EBB8523035}"
EndProject
Global
	GlobalSection(SolutionConfigurationPlatforms) = preSolution
		Debug|x64 = Debug|x64
		Release|x64 = Release|x64
	EndGlobalSection
	GlobalSection(ProjectConfigurationPlatforms) = postSolution
		{217FF3C0-BC65-42A7-ADF3-F8EBB8523035}.Debug|x64.ActiveCfg = Debug|x64
		{217FF3C0-BC65-42A7-ADF3-F8EBB8523035}.Debug|x64.Build.0 = Debug|x64
		{217FF3C0-BC65-42A7-ADF3-F8EBB8523035}.Release|x64.ActiveCfg = Release|x64
		{217FF3C0-BC65-42A7-ADF3-F8EBB8523035}.Release|x64.Build.0 = Release|x64
	EndGlobalSection
	GlobalSection(SolutionProperties) = preSolution
		HideSolutionNode = FALSE
	EndGlobalSection
	GlobalSection(ExtensibilityGlobals) = postSolution
		SolutionGuid = {994E92D6-1C47-45CF-B419-13B0DE3BB8F2}
	EndGlobalSection
EndGlobal
